
Microsoft Visual Studio Solution File, Format Version 12.00
# Visual Studio Version 16
VisualStudioVersion = 16.0.32002.261
MinimumVisualStudioVersion = 10.0.40219.1
Project("{FAE04EC0-301F-11D3-BF4B-00C04F79EFBC}") = "Pesen_Fitsa", "Pesen_Fitsa\Pesen_Fitsa.csproj", "{AE872D8B-717B-4181-8E3F-6FD4848C4493}"
EndProject
Global
	GlobalSection(SolutionConfigurationPlatforms) = preSolution
		Debug|Any CPU = Debug|Any CPU
		Release|Any CPU = Release|Any CPU
	EndGlobalSection
	GlobalSection(ProjectConfigurationPlatforms) = postSolution
		{AE872D8B-717B-4181-8E3F-6FD4848C4493}.Debug|Any CPU.ActiveCfg = Debug|Any CPU
		{AE872D8B-717B-4181-8E3F-6FD4848C4493}.Debug|Any CPU.Build.0 = Debug|Any CPU
		{AE872D8B-717B-4181-8E3F-6FD4848C4493}.Release|Any CPU.ActiveCfg = Release|Any CPU
		{AE872D8B-717B-4181-8E3F-6FD4848C4493}.Release|Any CPU.Build.0 = Release|Any CPU
	EndGlobalSection
	GlobalSection(SolutionProperties) = preSolution
		HideSolutionNode = FALSE
	EndGlobalSection
	GlobalSection(ExtensibilityGlobals) = postSolution
		SolutionGuid = {36B297F7-F78A-4859-AED7-684406F922CA}
	EndGlobalSection
EndGlobal
